// !$*UTF8*$!
{
	archiveVersion = 1;
	classes = {
	};
	objectVersion = 56;
	objects = {

/* Begin PBXBuildFile section */
		0160CD1E2A414B85006BF366 /* _2teknologi_senior_frontend_test_DwiAjiPangestuApp.swift in Sources */ = {isa = PBXBuildFile; fileRef = 0160CD1D2A414B85006BF366 /* _2teknologi_senior_frontend_test_DwiAjiPangestuApp.swift */; };
		0160CD202A414B85006BF366 /* ContentView.swift in Sources */ = {isa = PBXBuildFile; fileRef = 0160CD1F2A414B85006BF366 /* ContentView.swift */; };
		0160CD222A414B86006BF366 /* Assets.xcassets in Resources */ = {isa = PBXBuildFile; fileRef = 0160CD212A414B86006BF366 /* Assets.xcassets */; };
		0160CD252A414B86006BF366 /* Preview Assets.xcassets in Resources */ = {isa = PBXBuildFile; fileRef = 0160CD242A414B86006BF366 /* Preview Assets.xcassets */; };
		0160CD342A4151C2006BF366 /* ApiResponse.swift in Sources */ = {isa = PBXBuildFile; fileRef = 0160CD332A4151C2006BF366 /* ApiResponse.swift */; };
		0160CD3A2A41633E006BF366 /* Review.swift in Sources */ = {isa = PBXBuildFile; fileRef = 0160CD392A41633E006BF366 /* Review.swift */; };
		0160CD3E2A41814A006BF366 /* DetailBusiness.swift in Sources */ = {isa = PBXBuildFile; fileRef = 0160CD3D2A41814A006BF366 /* DetailBusiness.swift */; };
		0160CD452A419D1C006BF366 /* BusinessListViewModel.swift in Sources */ = {isa = PBXBuildFile; fileRef = 0160CD442A419D1C006BF366 /* BusinessListViewModel.swift */; };
		0160CD482A419DC8006BF366 /* ImageCarouselView.swift in Sources */ = {isa = PBXBuildFile; fileRef = 0160CD472A419DC8006BF366 /* ImageCarouselView.swift */; };
		0160CD4A2A419DE8006BF366 /* ImageLoader.swift in Sources */ = {isa = PBXBuildFile; fileRef = 0160CD492A419DE8006BF366 /* ImageLoader.swift */; };
		0160CD4C2A419E60006BF366 /* DetailBusinessViewModel.swift in Sources */ = {isa = PBXBuildFile; fileRef = 0160CD4B2A419E60006BF366 /* DetailBusinessViewModel.swift */; };
		0160CD4E2A419EE8006BF366 /* DetailView.swift in Sources */ = {isa = PBXBuildFile; fileRef = 0160CD4D2A419EE8006BF366 /* DetailView.swift */; };
		0160CD502A419F2B006BF366 /* BusinessCell.swift in Sources */ = {isa = PBXBuildFile; fileRef = 0160CD4F2A419F2B006BF366 /* BusinessCell.swift */; };
		0160CD522A41A10B006BF366 /* SearchBarView.swift in Sources */ = {isa = PBXBuildFile; fileRef = 0160CD512A41A10B006BF366 /* SearchBarView.swift */; };
		0160CD542A41A3CD006BF366 /* Constant.swift in Sources */ = {isa = PBXBuildFile; fileRef = 0160CD532A41A3CD006BF366 /* Constant.swift */; };
		A4EDC4208EEE1C0FEBBE2B2D /* Pods_62teknologi_senior_frontend_test_DwiAjiPangestu.framework in Frameworks */ = {isa = PBXBuildFile; fileRef = 408B8BB412AFB99552DDA5E9 /* Pods_62teknologi_senior_frontend_test_DwiAjiPangestu.framework */; };
/* End PBXBuildFile section */

/* Begin PBXFileReference section */
		0160CD1A2A414B85006BF366 /* 62teknologi-senior-frontend-test-DwiAjiPangestu.app */ = {isa = PBXFileReference; explicitFileType = wrapper.application; includeInIndex = 0; path = "62teknologi-senior-frontend-test-DwiAjiPangestu.app"; sourceTree = BUILT_PRODUCTS_DIR; };
		0160CD1D2A414B85006BF366 /* _2teknologi_senior_frontend_test_DwiAjiPangestuApp.swift */ = {isa = PBXFileReference; lastKnownFileType = sourcecode.swift; path = _2teknologi_senior_frontend_test_DwiAjiPangestuApp.swift; sourceTree = "<group>"; };
		0160CD1F2A414B85006BF366 /* ContentView.swift */ = {isa = PBXFileReference; lastKnownFileType = sourcecode.swift; path = ContentView.swift; sourceTree = "<group>"; };
		0160CD212A414B86006BF366 /* Assets.xcassets */ = {isa = PBXFileReference; lastKnownFileType = folder.assetcatalog; path = Assets.xcassets; sourceTree = "<group>"; };
		0160CD242A414B86006BF366 /* Preview Assets.xcassets */ = {isa = PBXFileReference; lastKnownFileType = folder.assetcatalog; path = "Preview Assets.xcassets"; sourceTree = "<group>"; };
		0160CD332A4151C2006BF366 /* ApiResponse.swift */ = {isa = PBXFileReference; lastKnownFileType = sourcecode.swift; path = ApiResponse.swift; sourceTree = "<group>"; };
		0160CD392A41633E006BF366 /* Review.swift */ = {isa = PBXFileReference; lastKnownFileType = sourcecode.swift; path = Review.swift; sourceTree = "<group>"; };
		0160CD3D2A41814A006BF366 /* DetailBusiness.swift */ = {isa = PBXFileReference; lastKnownFileType = sourcecode.swift; path = DetailBusiness.swift; sourceTree = "<group>"; };
		0160CD442A419D1C006BF366 /* BusinessListViewModel.swift */ = {isa = PBXFileReference; lastKnownFileType = sourcecode.swift; path = BusinessListViewModel.swift; sourceTree = "<group>"; };
		0160CD472A419DC8006BF366 /* ImageCarouselView.swift */ = {isa = PBXFileReference; lastKnownFileType = sourcecode.swift; path = ImageCarouselView.swift; sourceTree = "<group>"; };
		0160CD492A419DE8006BF366 /* ImageLoader.swift */ = {isa = PBXFileReference; lastKnownFileType = sourcecode.swift; path = ImageLoader.swift; sourceTree = "<group>"; };
		0160CD4B2A419E60006BF366 /* DetailBusinessViewModel.swift */ = {isa = PBXFileReference; lastKnownFileType = sourcecode.swift; path = DetailBusinessViewModel.swift; sourceTree = "<group>"; };
		0160CD4D2A419EE8006BF366 /* DetailView.swift */ = {isa = PBXFileReference; lastKnownFileType = sourcecode.swift; path = DetailView.swift; sourceTree = "<group>"; };
		0160CD4F2A419F2B006BF366 /* BusinessCell.swift */ = {isa = PBXFileReference; lastKnownFileType = sourcecode.swift; path = BusinessCell.swift; sourceTree = "<group>"; };
		0160CD512A41A10B006BF366 /* SearchBarView.swift */ = {isa = PBXFileReference; lastKnownFileType = sourcecode.swift; path = SearchBarView.swift; sourceTree = "<group>"; };
		0160CD532A41A3CD006BF366 /* Constant.swift */ = {isa = PBXFileReference; lastKnownFileType = sourcecode.swift; path = Constant.swift; sourceTree = "<group>"; };
		408B8BB412AFB99552DDA5E9 /* Pods_62teknologi_senior_frontend_test_DwiAjiPangestu.framework */ = {isa = PBXFileReference; explicitFileType = wrapper.framework; includeInIndex = 0; path = Pods_62teknologi_senior_frontend_test_DwiAjiPangestu.framework; sourceTree = BUILT_PRODUCTS_DIR; };
		702E085397B8A20038F30EB4 /* Pods-62teknologi-senior-frontend-test-DwiAjiPangestu.release.xcconfig */ = {isa = PBXFileReference; includeInIndex = 1; lastKnownFileType = text.xcconfig; name = "Pods-62teknologi-senior-frontend-test-DwiAjiPangestu.release.xcconfig"; path = "Target Support Files/Pods-62teknologi-senior-frontend-test-DwiAjiPangestu/Pods-62teknologi-senior-frontend-test-DwiAjiPangestu.release.xcconfig"; sourceTree = "<group>"; };
		971819501E0B8D8E51FD54DE /* Pods-62teknologi-senior-frontend-test-DwiAjiPangestu.debug.xcconfig */ = {isa = PBXFileReference; includeInIndex = 1; lastKnownFileType = text.xcconfig; name = "Pods-62teknologi-senior-frontend-test-DwiAjiPangestu.debug.xcconfig"; path = "Target Support Files/Pods-62teknologi-senior-frontend-test-DwiAjiPangestu/Pods-62teknologi-senior-frontend-test-DwiAjiPangestu.debug.xcconfig"; sourceTree = "<group>"; };
/* End PBXFileReference section */

/* Begin PBXFrameworksBuildPhase section */
		0160CD172A414B85006BF366 /* Frameworks */ = {
			isa = PBXFrameworksBuildPhase;
			buildActionMask = 2147483647;
			files = (
				A4EDC4208EEE1C0FEBBE2B2D /* Pods_62teknologi_senior_frontend_test_DwiAjiPangestu.framework in Frameworks */,
			);
			runOnlyForDeploymentPostprocessing = 0;
		};
/* End PBXFrameworksBuildPhase section */

/* Begin PBXGroup section */
		0160CD112A414B85006BF366 = {
			isa = PBXGroup;
			children = (
				0160CD1C2A414B85006BF366 /* 62teknologi-senior-frontend-test-DwiAjiPangestu */,
				0160CD1B2A414B85006BF366 /* Products */,
				50B0419F96AC1D5238860852 /* Pods */,
				18639641D3966BDE5DB32739 /* Frameworks */,
			);
			sourceTree = "<group>";
		};
		0160CD1B2A414B85006BF366 /* Products */ = {
			isa = PBXGroup;
			children = (
				0160CD1A2A414B85006BF366 /* 62teknologi-senior-frontend-test-DwiAjiPangestu.app */,
			);
			name = Products;
			sourceTree = "<group>";
		};
		0160CD1C2A414B85006BF366 /* 62teknologi-senior-frontend-test-DwiAjiPangestu */ = {
			isa = PBXGroup;
			children = (
				0160CD462A419DB7006BF366 /* helper */,
				0160CD432A419D04006BF366 /* view */,
				0160CD422A419CFB006BF366 /* util */,
				0160CD412A419CE3006BF366 /* viewmodel */,
				0160CD402A419CCC006BF366 /* model */,
				0160CD1D2A414B85006BF366 /* _2teknologi_senior_frontend_test_DwiAjiPangestuApp.swift */,
				0160CD212A414B86006BF366 /* Assets.xcassets */,
				0160CD232A414B86006BF366 /* Preview Content */,
			);
			path = "62teknologi-senior-frontend-test-DwiAjiPangestu";
			sourceTree = "<group>";
		};
		0160CD232A414B86006BF366 /* Preview Content */ = {
			isa = PBXGroup;
			children = (
				0160CD242A414B86006BF366 /* Preview Assets.xcassets */,
			);
			path = "Preview Content";
			sourceTree = "<group>";
		};
		0160CD402A419CCC006BF366 /* model */ = {
			isa = PBXGroup;
			children = (
				0160CD332A4151C2006BF366 /* ApiResponse.swift */,
				0160CD392A41633E006BF366 /* Review.swift */,
				0160CD3D2A41814A006BF366 /* DetailBusiness.swift */,
			);
			path = model;
			sourceTree = "<group>";
		};
		0160CD412A419CE3006BF366 /* viewmodel */ = {
			isa = PBXGroup;
			children = (
				0160CD442A419D1C006BF366 /* BusinessListViewModel.swift */,
				0160CD4B2A419E60006BF366 /* DetailBusinessViewModel.swift */,
			);
			path = viewmodel;
			sourceTree = "<group>";
		};
		0160CD422A419CFB006BF366 /* util */ = {
			isa = PBXGroup;
			children = (
				0160CD532A41A3CD006BF366 /* Constant.swift */,
			);
			path = util;
			sourceTree = "<group>";
		};
		0160CD432A419D04006BF366 /* view */ = {
			isa = PBXGroup;
			children = (
				0160CD1F2A414B85006BF366 /* ContentView.swift */,
				0160CD4D2A419EE8006BF366 /* DetailView.swift */,
			);
			path = view;
			sourceTree = "<group>";
		};
		0160CD462A419DB7006BF366 /* helper */ = {
			isa = PBXGroup;
			children = (
				0160CD472A419DC8006BF366 /* ImageCarouselView.swift */,
				0160CD492A419DE8006BF366 /* ImageLoader.swift */,
				0160CD4F2A419F2B006BF366 /* BusinessCell.swift */,
				0160CD512A41A10B006BF366 /* SearchBarView.swift */,
			);
			path = helper;
			sourceTree = "<group>";
		};
		18639641D3966BDE5DB32739 /* Frameworks */ = {
			isa = PBXGroup;
			children = (
				408B8BB412AFB99552DDA5E9 /* Pods_62teknologi_senior_frontend_test_DwiAjiPangestu.framework */,
			);
			name = Frameworks;
			sourceTree = "<group>";
		};
		50B0419F96AC1D5238860852 /* Pods */ = {
			isa = PBXGroup;
			children = (
				971819501E0B8D8E51FD54DE /* Pods-62teknologi-senior-frontend-test-DwiAjiPangestu.debug.xcconfig */,
				702E085397B8A20038F30EB4 /* Pods-62teknologi-senior-frontend-test-DwiAjiPangestu.release.xcconfig */,
			);
			path = Pods;
			sourceTree = "<group>";
		};
/* End PBXGroup section */

/* Begin PBXNativeTarget section */
		0160CD192A414B85006BF366 /* 62teknologi-senior-frontend-test-DwiAjiPangestu */ = {
			isa = PBXNativeTarget;
			buildConfigurationList = 0160CD282A414B86006BF366 /* Build configuration list for PBXNativeTarget "62teknologi-senior-frontend-test-DwiAjiPangestu" */;
			buildPhases = (
				4949DAD676EF1A3469E8F2D0 /* [CP] Check Pods Manifest.lock */,
				0160CD162A414B85006BF366 /* Sources */,
				0160CD172A414B85006BF366 /* Frameworks */,
				0160CD182A414B85006BF366 /* Resources */,
				9673C80D9A71B2861C357FA5 /* [CP] Embed Pods Frameworks */,
			);
			buildRules = (
			);
			dependencies = (
			);
			name = "62teknologi-senior-frontend-test-DwiAjiPangestu";
			productName = "62teknologi-senior-frontend-test-DwiAjiPangestu";
			productReference = 0160CD1A2A414B85006BF366 /* 62teknologi-senior-frontend-test-DwiAjiPangestu.app */;
			productType = "com.apple.product-type.application";
		};
/* End PBXNativeTarget section */

/* Begin PBXProject section */
		0160CD122A414B85006BF366 /* Project object */ = {
			isa = PBXProject;
			attributes = {
				BuildIndependentTargetsInParallel = 1;
				LastSwiftUpdateCheck = 1430;
				LastUpgradeCheck = 1430;
				TargetAttributes = {
					0160CD192A414B85006BF366 = {
						CreatedOnToolsVersion = 14.3;
					};
				};
			};
			buildConfigurationList = 0160CD152A414B85006BF366 /* Build configuration list for PBXProject "62teknologi-senior-frontend-test-DwiAjiPangestu" */;
			compatibilityVersion = "Xcode 14.0";
			developmentRegion = en;
			hasScannedForEncodings = 0;
			knownRegions = (
				en,
				Base,
			);
			mainGroup = 0160CD112A414B85006BF366;
			productRefGroup = 0160CD1B2A414B85006BF366 /* Products */;
			projectDirPath = "";
			projectRoot = "";
			targets = (
				0160CD192A414B85006BF366 /* 62teknologi-senior-frontend-test-DwiAjiPangestu */,
			);
		};
/* End PBXProject section */

/* Begin PBXResourcesBuildPhase section */
		0160CD182A414B85006BF366 /* Resources */ = {
			isa = PBXResourcesBuildPhase;
			buildActionMask = 2147483647;
			files = (
				0160CD252A414B86006BF366 /* Preview Assets.xcassets in Resources */,
				0160CD222A414B86006BF366 /* Assets.xcassets in Resources */,
			);
			runOnlyForDeploymentPostprocessing = 0;
		};
/* End PBXResourcesBuildPhase section */

/* Begin PBXShellScriptBuildPhase section */
		4949DAD676EF1A3469E8F2D0 /* [CP] Check Pods Manifest.lock */ = {
			isa = PBXShellScriptBuildPhase;
			buildActionMask = 2147483647;
			files = (
			);
			inputFileListPaths = (
			);
			inputPaths = (
				"${PODS_PODFILE_DIR_PATH}/Podfile.lock",
				"${PODS_ROOT}/Manifest.lock",
			);
			name = "[CP] Check Pods Manifest.lock";
			outputFileListPaths = (
			);
			outputPaths = (
				"$(DERIVED_FILE_DIR)/Pods-62teknologi-senior-frontend-test-DwiAjiPangestu-checkManifestLockResult.txt",
			);
			runOnlyForDeploymentPostprocessing = 0;
			shellPath = /bin/sh;
			shellScript = "diff \"${PODS_PODFILE_DIR_PATH}/Podfile.lock\" \"${PODS_ROOT}/Manifest.lock\" > /dev/null\nif [ $? != 0 ] ; then\n    # print error to STDERR\n    echo \"error: The sandbox is not in sync with the Podfile.lock. Run 'pod install' or update your CocoaPods installation.\" >&2\n    exit 1\nfi\n# This output is used by Xcode 'outputs' to avoid re-running this script phase.\necho \"SUCCESS\" > \"${SCRIPT_OUTPUT_FILE_0}\"\n";
			showEnvVarsInLog = 0;
		};
		9673C80D9A71B2861C357FA5 /* [CP] Embed Pods Frameworks */ = {
			isa = PBXShellScriptBuildPhase;
			buildActionMask = 2147483647;
			files = (
			);
			inputFileListPaths = (
				"${PODS_ROOT}/Target Support Files/Pods-62teknologi-senior-frontend-test-DwiAjiPangestu/Pods-62teknologi-senior-frontend-test-DwiAjiPangestu-frameworks-${CONFIGURATION}-input-files.xcfilelist",
			);
			name = "[CP] Embed Pods Frameworks";
			outputFileListPaths = (
				"${PODS_ROOT}/Target Support Files/Pods-62teknologi-senior-frontend-test-DwiAjiPangestu/Pods-62teknologi-senior-frontend-test-DwiAjiPangestu-frameworks-${CONFIGURATION}-output-files.xcfilelist",
			);
			runOnlyForDeploymentPostprocessing = 0;
			shellPath = /bin/sh;
			shellScript = "\"${PODS_ROOT}/Target Support Files/Pods-62teknologi-senior-frontend-test-DwiAjiPangestu/Pods-62teknologi-senior-frontend-test-DwiAjiPangestu-frameworks.sh\"\n";
			showEnvVarsInLog = 0;
		};
/* End PBXShellScriptBuildPhase section */

/* Begin PBXSourcesBuildPhase section */
		0160CD162A414B85006BF366 /* Sources */ = {
			isa = PBXSourcesBuildPhase;
			buildActionMask = 2147483647;
			files = (
				0160CD342A4151C2006BF366 /* ApiResponse.swift in Sources */,
				0160CD3A2A41633E006BF366 /* Review.swift in Sources */,
				0160CD202A414B85006BF366 /* ContentView.swift in Sources */,
				0160CD4E2A419EE8006BF366 /* DetailView.swift in Sources */,
				0160CD522A41A10B006BF366 /* SearchBarView.swift in Sources */,
				0160CD1E2A414B85006BF366 /* _2teknologi_senior_frontend_test_DwiAjiPangestuApp.swift in Sources */,
				0160CD452A419D1C006BF366 /* BusinessListViewModel.swift in Sources */,
				0160CD4C2A419E60006BF366 /* DetailBusinessViewModel.swift in Sources */,
				0160CD482A419DC8006BF366 /* ImageCarouselView.swift in Sources */,
				0160CD542A41A3CD006BF366 /* Constant.swift in Sources */,
				0160CD502A419F2B006BF366 /* BusinessCell.swift in Sources */,
				0160CD4A2A419DE8006BF366 /* ImageLoader.swift in Sources */,
				0160CD3E2A41814A006BF366 /* DetailBusiness.swift in Sources */,
			);
			runOnlyForDeploymentPostprocessing = 0;
		};
/* End PBXSourcesBuildPhase section */

/* Begin XCBuildConfiguration section */
		0160CD262A414B86006BF366 /* Debug */ = {
			isa = XCBuildConfiguration;
			buildSettings = {
				ALWAYS_SEARCH_USER_PATHS = NO;
				CLANG_ANALYZER_NONNULL = YES;
				CLANG_ANALYZER_NUMBER_OBJECT_CONVERSION = YES_AGGRESSIVE;
				CLANG_CXX_LANGUAGE_STANDARD = "gnu++20";
				CLANG_ENABLE_MODULES = YES;
				CLANG_ENABLE_OBJC_ARC = YES;
				CLANG_ENABLE_OBJC_WEAK = YES;
				CLANG_WARN_BLOCK_CAPTURE_AUTORELEASING = YES;
				CLANG_WARN_BOOL_CONVERSION = YES;
				CLANG_WARN_COMMA = YES;
				CLANG_WARN_CONSTANT_CONVERSION = YES;
				CLANG_WARN_DEPRECATED_OBJC_IMPLEMENTATIONS = YES;
				CLANG_WARN_DIRECT_OBJC_ISA_USAGE = YES_ERROR;
				CLANG_WARN_DOCUMENTATION_COMMENTS = YES;
				CLANG_WARN_EMPTY_BODY = YES;
				CLANG_WARN_ENUM_CONVERSION = YES;
				CLANG_WARN_INFINITE_RECURSION = YES;
				CLANG_WARN_INT_CONVERSION = YES;
				CLANG_WARN_NON_LITERAL_NULL_CONVERSION = YES;
				CLANG_WARN_OBJC_IMPLICIT_RETAIN_SELF = YES;
				CLANG_WARN_OBJC_LITERAL_CONVERSION = YES;
				CLANG_WARN_OBJC_ROOT_CLASS = YES_ERROR;
				CLANG_WARN_QUOTED_INCLUDE_IN_FRAMEWORK_HEADER = YES;
				CLANG_WARN_RANGE_LOOP_ANALYSIS = YES;
				CLANG_WARN_STRICT_PROTOTYPES = YES;
				CLANG_WARN_SUSPICIOUS_MOVE = YES;
				CLANG_WARN_UNGUARDED_AVAILABILITY = YES_AGGRESSIVE;
				CLANG_WARN_UNREACHABLE_CODE = YES;
				CLANG_WARN__DUPLICATE_METHOD_MATCH = YES;
				COPY_PHASE_STRIP = NO;
				DEBUG_INFORMATION_FORMAT = dwarf;
				ENABLE_STRICT_OBJC_MSGSEND = YES;
				ENABLE_TESTABILITY = YES;
				GCC_C_LANGUAGE_STANDARD = gnu11;
				GCC_DYNAMIC_NO_PIC = NO;
				GCC_NO_COMMON_BLOCKS = YES;
				GCC_OPTIMIZATION_LEVEL = 0;
				GCC_PREPROCESSOR_DEFINITIONS = (
					"DEBUG=1",
					"$(inherited)",
				);
				GCC_WARN_64_TO_32_BIT_CONVERSION = YES;
				GCC_WARN_ABOUT_RETURN_TYPE = YES_ERROR;
				GCC_WARN_UNDECLARED_SELECTOR = YES;
				GCC_WARN_UNINITIALIZED_AUTOS = YES_AGGRESSIVE;
				GCC_WARN_UNUSED_FUNCTION = YES;
				GCC_WARN_UNUSED_VARIABLE = YES;
				IPHONEOS_DEPLOYMENT_TARGET = 16.4;
				MTL_ENABLE_DEBUG_INFO = INCLUDE_SOURCE;
				MTL_FAST_MATH = YES;
				ONLY_ACTIVE_ARCH = YES;
				SDKROOT = iphoneos;
				SWIFT_ACTIVE_COMPILATION_CONDITIONS = DEBUG;
				SWIFT_OPTIMIZATION_LEVEL = "-Onone";
			};
			name = Debug;
		};
		0160CD272A414B86006BF366 /* Release */ = {
			isa = XCBuildConfiguration;
			buildSettings = {
				ALWAYS_SEARCH_USER_PATHS = NO;
				CLANG_ANALYZER_NONNULL = YES;
				CLANG_ANALYZER_NUMBER_OBJECT_CONVERSION = YES_AGGRESSIVE;
				CLANG_CXX_LANGUAGE_STANDARD = "gnu++20";
				CLANG_ENABLE_MODULES = YES;
				CLANG_ENABLE_OBJC_ARC = YES;
				CLANG_ENABLE_OBJC_WEAK = YES;
				CLANG_WARN_BLOCK_CAPTURE_AUTORELEASING = YES;
				CLANG_WARN_BOOL_CONVERSION = YES;
				CLANG_WARN_COMMA = YES;
				CLANG_WARN_CONSTANT_CONVERSION = YES;
				CLANG_WARN_DEPRECATED_OBJC_IMPLEMENTATIONS = YES;
				CLANG_WARN_DIRECT_OBJC_ISA_USAGE = YES_ERROR;
				CLANG_WARN_DOCUMENTATION_COMMENTS = YES;
				CLANG_WARN_EMPTY_BODY = YES;
				CLANG_WARN_ENUM_CONVERSION = YES;
				CLANG_WARN_INFINITE_RECURSION = YES;
				CLANG_WARN_INT_CONVERSION = YES;
				CLANG_WARN_NON_LITERAL_NULL_CONVERSION = YES;
				CLANG_WARN_OBJC_IMPLICIT_RETAIN_SELF = YES;
				CLANG_WARN_OBJC_LITERAL_CONVERSION = YES;
				CLANG_WARN_OBJC_ROOT_CLASS = YES_ERROR;
				CLANG_WARN_QUOTED_INCLUDE_IN_FRAMEWORK_HEADER = YES;
				CLANG_WARN_RANGE_LOOP_ANALYSIS = YES;
				CLANG_WARN_STRICT_PROTOTYPES = YES;
				CLANG_WARN_SUSPICIOUS_MOVE = YES;
				CLANG_WARN_UNGUARDED_AVAILABILITY = YES_AGGRESSIVE;
				CLANG_WARN_UNREACHABLE_CODE = YES;
				CLANG_WARN__DUPLICATE_METHOD_MATCH = YES;
				COPY_PHASE_STRIP = NO;
				DEBUG_INFORMATION_FORMAT = "dwarf-with-dsym";
				ENABLE_NS_ASSERTIONS = NO;
				ENABLE_STRICT_OBJC_MSGSEND = YES;
				GCC_C_LANGUAGE_STANDARD = gnu11;
				GCC_NO_COMMON_BLOCKS = YES;
				GCC_WARN_64_TO_32_BIT_CONVERSION = YES;
				GCC_WARN_ABOUT_RETURN_TYPE = YES_ERROR;
				GCC_WARN_UNDECLARED_SELECTOR = YES;
				GCC_WARN_UNINITIALIZED_AUTOS = YES_AGGRESSIVE;
				GCC_WARN_UNUSED_FUNCTION = YES;
				GCC_WARN_UNUSED_VARIABLE = YES;
				IPHONEOS_DEPLOYMENT_TARGET = 16.4;
				MTL_ENABLE_DEBUG_INFO = NO;
				MTL_FAST_MATH = YES;
				SDKROOT = iphoneos;
				SWIFT_COMPILATION_MODE = wholemodule;
				SWIFT_OPTIMIZATION_LEVEL = "-O";
				VALIDATE_PRODUCT = YES;
			};
			name = Release;
		};
		0160CD292A414B86006BF366 /* Debug */ = {
			isa = XCBuildConfiguration;
			baseConfigurationReference = 971819501E0B8D8E51FD54DE /* Pods-62teknologi-senior-frontend-test-DwiAjiPangestu.debug.xcconfig */;
			buildSettings = {
				ASSETCATALOG_COMPILER_APPICON_NAME = AppIcon;
				ASSETCATALOG_COMPILER_GLOBAL_ACCENT_COLOR_NAME = AccentColor;
				CODE_SIGN_STYLE = Automatic;
				CURRENT_PROJECT_VERSION = 1;
				DEVELOPMENT_ASSET_PATHS = "\"62teknologi-senior-frontend-test-DwiAjiPangestu/Preview Content\"";
				ENABLE_PREVIEWS = YES;
				GENERATE_INFOPLIST_FILE = YES;
				INFOPLIST_KEY_UIApplicationSceneManifest_Generation = YES;
				INFOPLIST_KEY_UIApplicationSupportsIndirectInputEvents = YES;
				INFOPLIST_KEY_UILaunchScreen_Generation = YES;
				INFOPLIST_KEY_UISupportedInterfaceOrientations_iPad = "UIInterfaceOrientationPortrait UIInterfaceOrientationPortraitUpsideDown UIInterfaceOrientationLandscapeLeft UIInterfaceOrientationLandscapeRight";
				INFOPLIST_KEY_UISupportedInterfaceOrientations_iPhone = "UIInterfaceOrientationPortrait UIInterfaceOrientationLandscapeLeft UIInterfaceOrientationLandscapeRight";
				LD_RUNPATH_SEARCH_PATHS = (
					"$(inherited)",
					"@executable_path/Frameworks",
				);
				MARKETING_VERSION = 1.0;
				PRODUCT_BUNDLE_IDENTIFIER = "example.com.-2teknologi-senior-frontend-test-DwiAjiPangestu";
				PRODUCT_NAME = "$(TARGET_NAME)";
				SWIFT_EMIT_LOC_STRINGS = YES;
				SWIFT_VERSION = 5.0;
				TARGETED_DEVICE_FAMILY = "1,2";
			};
			name = Debug;
		};
		0160CD2A2A414B86006BF366 /* Release */ = {
			isa = XCBuildConfiguration;
			baseConfigurationReference = 702E085397B8A20038F30EB4 /* Pods-62teknologi-senior-frontend-test-DwiAjiPangestu.release.xcconfig */;
			buildSettings = {
				ASSETCATALOG_COMPILER_APPICON_NAME = AppIcon;
				ASSETCATALOG_COMPILER_GLOBAL_ACCENT_COLOR_NAME = AccentColor;
				CODE_SIGN_STYLE = Automatic;
				CURRENT_PROJECT_VERSION = 1;
				DEVELOPMENT_ASSET_PATHS = "\"62teknologi-senior-frontend-test-DwiAjiPangestu/Preview Content\"";
				ENABLE_PREVIEWS = YES;
				GENERATE_INFOPLIST_FILE = YES;
				INFOPLIST_KEY_UIApplicationSceneManifest_Generation = YES;
				INFOPLIST_KEY_UIApplicationSupportsIndirectInputEvents = YES;
				INFOPLIST_KEY_UILaunchScreen_Generation = YES;
				INFOPLIST_KEY_UISupportedInterfaceOrientations_iPad = "UIInterfaceOrientationPortrait UIInterfaceOrientationPortraitUpsideDown UIInterfaceOrientationLandscapeLeft UIInterfaceOrientationLandscapeRight";
				INFOPLIST_KEY_UISupportedInterfaceOrientations_iPhone = "UIInterfaceOrientationPortrait UIInterfaceOrientationLandscapeLeft UIInterfaceOrientationLandscapeRight";
				LD_RUNPATH_SEARCH_PATHS = (
					"$(inherited)",
					"@executable_path/Frameworks",
				);
				MARKETING_VERSION = 1.0;
				PRODUCT_BUNDLE_IDENTIFIER = "example.com.-2teknologi-senior-frontend-test-DwiAjiPangestu";
				PRODUCT_NAME = "$(TARGET_NAME)";
				SWIFT_EMIT_LOC_STRINGS = YES;
				SWIFT_VERSION = 5.0;
				TARGETED_DEVICE_FAMILY = "1,2";
			};
			name = Release;
		};
/* End XCBuildConfiguration section */

/* Begin XCConfigurationList section */
		0160CD152A414B85006BF366 /* Build configuration list for PBXProject "62teknologi-senior-frontend-test-DwiAjiPangestu" */ = {
			isa = XCConfigurationList;
			buildConfigurations = (
				0160CD262A414B86006BF366 /* Debug */,
				0160CD272A414B86006BF366 /* Release */,
			);
			defaultConfigurationIsVisible = 0;
			defaultConfigurationName = Release;
		};
		0160CD282A414B86006BF366 /* Build configuration list for PBXNativeTarget "62teknologi-senior-frontend-test-DwiAjiPangestu" */ = {
			isa = XCConfigurationList;
			buildConfigurations = (
				0160CD292A414B86006BF366 /* Debug */,
				0160CD2A2A414B86006BF366 /* Release */,
			);
			defaultConfigurationIsVisible = 0;
			defaultConfigurationName = Release;
		};
/* End XCConfigurationList section */
	};
	rootObject = 0160CD122A414B85006BF366 /* Project object */;
}
